// !$*UTF8*$!
{
	archiveVersion = 1;
	classes = {
	};
	objectVersion = 46;
	objects = {

/* Begin PBXBuildFile section */
		A7146B981DA6E26800789329 /* AppDelegate.swift in Sources */ = {isa = PBXBuildFile; fileRef = A7146B971DA6E26800789329 /* AppDelegate.swift */; };
		A7146B9A1DA6E26800789329 /* ViewController.swift in Sources */ = {isa = PBXBuildFile; fileRef = A7146B991DA6E26800789329 /* ViewController.swift */; };
		A7146B9D1DA6E26800789329 /* Main.storyboard in Resources */ = {isa = PBXBuildFile; fileRef = A7146B9B1DA6E26800789329 /* Main.storyboard */; };
		A7146B9F1DA6E26800789329 /* Assets.xcassets in Resources */ = {isa = PBXBuildFile; fileRef = A7146B9E1DA6E26800789329 /* Assets.xcassets */; };
		A7146BA21DA6E26800789329 /* LaunchScreen.storyboard in Resources */ = {isa = PBXBuildFile; fileRef = A7146BA01DA6E26800789329 /* LaunchScreen.storyboard */; };
		A7146BAD1DA6E26800789329 /* DiffusionTests.swift in Sources */ = {isa = PBXBuildFile; fileRef = A7146BAC1DA6E26800789329 /* DiffusionTests.swift */; };
		A7146BB81DA6E26800789329 /* DiffusionUITests.swift in Sources */ = {isa = PBXBuildFile; fileRef = A7146BB71DA6E26800789329 /* DiffusionUITests.swift */; };
/* End PBXBuildFile section */

/* Begin PBXContainerItemProxy section */
		A7146BA91DA6E26800789329 /* PBXContainerItemProxy */ = {
			isa = PBXContainerItemProxy;
			containerPortal = A7146B8C1DA6E26800789329 /* Project object */;
			proxyType = 1;
			remoteGlobalIDString = A7146B931DA6E26800789329;
			remoteInfo = Diffusion;
		};
		A7146BB41DA6E26800789329 /* PBXContainerItemProxy */ = {
			isa = PBXContainerItemProxy;
			containerPortal = A7146B8C1DA6E26800789329 /* Project object */;
			proxyType = 1;
			remoteGlobalIDString = A7146B931DA6E26800789329;
			remoteInfo = Diffusion;
		};
/* End PBXContainerItemProxy section */

/* Begin PBXFileReference section */
		A7146B941DA6E26800789329 /* Diffusion.app */ = {isa = PBXFileReference; explicitFileType = wrapper.application; includeInIndex = 0; path = Diffusion.app; sourceTree = BUILT_PRODUCTS_DIR; };
		A7146B971DA6E26800789329 /* AppDelegate.swift */ = {isa = PBXFileReference; lastKnownFileType = sourcecode.swift; path = AppDelegate.swift; sourceTree = "<group>"; };
		A7146B991DA6E26800789329 /* ViewController.swift */ = {isa = PBXFileReference; lastKnownFileType = sourcecode.swift; path = ViewController.swift; sourceTree = "<group>"; };
		A7146B9C1DA6E26800789329 /* Base */ = {isa = PBXFileReference; lastKnownFileType = file.storyboard; name = Base; path = Base.lproj/Main.storyboard; sourceTree = "<group>"; };
		A7146B9E1DA6E26800789329 /* Assets.xcassets */ = {isa = PBXFileReference; lastKnownFileType = folder.assetcatalog; path = Assets.xcassets; sourceTree = "<group>"; };
		A7146BA11DA6E26800789329 /* Base */ = {isa = PBXFileReference; lastKnownFileType = file.storyboard; name = Base; path = Base.lproj/LaunchScreen.storyboard; sourceTree = "<group>"; };
		A7146BA31DA6E26800789329 /* Info.plist */ = {isa = PBXFileReference; lastKnownFileType = text.plist.xml; path = Info.plist; sourceTree = "<group>"; };
		A7146BA81DA6E26800789329 /* DiffusionTests.xctest */ = {isa = PBXFileReference; explicitFileType = wrapper.cfbundle; includeInIndex = 0; path = DiffusionTests.xctest; sourceTree = BUILT_PRODUCTS_DIR; };
		A7146BAC1DA6E26800789329 /* DiffusionTests.swift */ = {isa = PBXFileReference; lastKnownFileType = sourcecode.swift; path = DiffusionTests.swift; sourceTree = "<group>"; };
		A7146BAE1DA6E26800789329 /* Info.plist */ = {isa = PBXFileReference; lastKnownFileType = text.plist.xml; path = Info.plist; sourceTree = "<group>"; };
		A7146BB31DA6E26800789329 /* DiffusionUITests.xctest */ = {isa = PBXFileReference; explicitFileType = wrapper.cfbundle; includeInIndex = 0; path = DiffusionUITests.xctest; sourceTree = BUILT_PRODUCTS_DIR; };
		A7146BB71DA6E26800789329 /* DiffusionUITests.swift */ = {isa = PBXFileReference; lastKnownFileType = sourcecode.swift; path = DiffusionUITests.swift; sourceTree = "<group>"; };
		A7146BB91DA6E26800789329 /* Info.plist */ = {isa = PBXFileReference; lastKnownFileType = text.plist.xml; path = Info.plist; sourceTree = "<group>"; };
/* End PBXFileReference section */

/* Begin PBXFrameworksBuildPhase section */
		A7146B911DA6E26800789329 /* Frameworks */ = {
			isa = PBXFrameworksBuildPhase;
			buildActionMask = 2147483647;
			files = (
			);
			runOnlyForDeploymentPostprocessing = 0;
		};
		A7146BA51DA6E26800789329 /* Frameworks */ = {
			isa = PBXFrameworksBuildPhase;
			buildActionMask = 2147483647;
			files = (
			);
			runOnlyForDeploymentPostprocessing = 0;
		};
		A7146BB01DA6E26800789329 /* Frameworks */ = {
			isa = PBXFrameworksBuildPhase;
			buildActionMask = 2147483647;
			files = (
			);
			runOnlyForDeploymentPostprocessing = 0;
		};
/* End PBXFrameworksBuildPhase section */

/* Begin PBXGroup section */
		A7146B8B1DA6E26800789329 = {
			isa = PBXGroup;
			children = (
				A7146B961DA6E26800789329 /* Diffusion */,
				A7146BAB1DA6E26800789329 /* DiffusionTests */,
				A7146BB61DA6E26800789329 /* DiffusionUITests */,
				A7146B951DA6E26800789329 /* Products */,
			);
			sourceTree = "<group>";
		};
		A7146B951DA6E26800789329 /* Products */ = {
			isa = PBXGroup;
			children = (
				A7146B941DA6E26800789329 /* Diffusion.app */,
				A7146BA81DA6E26800789329 /* DiffusionTests.xctest */,
				A7146BB31DA6E26800789329 /* DiffusionUITests.xctest */,
			);
			name = Products;
			sourceTree = "<group>";
		};
		A7146B961DA6E26800789329 /* Diffusion */ = {
			isa = PBXGroup;
			children = (
				A7146B971DA6E26800789329 /* AppDelegate.swift */,
				A7146B991DA6E26800789329 /* ViewController.swift */,
				A7146B9B1DA6E26800789329 /* Main.storyboard */,
				A7146B9E1DA6E26800789329 /* Assets.xcassets */,
				A7146BA01DA6E26800789329 /* LaunchScreen.storyboard */,
				A7146BA31DA6E26800789329 /* Info.plist */,
			);
			path = Diffusion;
			sourceTree = "<group>";
		};
		A7146BAB1DA6E26800789329 /* DiffusionTests */ = {
			isa = PBXGroup;
			children = (
				A7146BAC1DA6E26800789329 /* DiffusionTests.swift */,
				A7146BAE1DA6E26800789329 /* Info.plist */,
			);
			path = DiffusionTests;
			sourceTree = "<group>";
		};
		A7146BB61DA6E26800789329 /* DiffusionUITests */ = {
			isa = PBXGroup;
			children = (
				A7146BB71DA6E26800789329 /* DiffusionUITests.swift */,
				A7146BB91DA6E26800789329 /* Info.plist */,
			);
			path = DiffusionUITests;
			sourceTree = "<group>";
		};
/* End PBXGroup section */

/* Begin PBXNativeTarget section */
		A7146B931DA6E26800789329 /* Diffusion */ = {
			isa = PBXNativeTarget;
			buildConfigurationList = A7146BBC1DA6E26800789329 /* Build configuration list for PBXNativeTarget "Diffusion" */;
			buildPhases = (
				A7146B901DA6E26800789329 /* Sources */,
				A7146B911DA6E26800789329 /* Frameworks */,
				A7146B921DA6E26800789329 /* Resources */,
			);
			buildRules = (
			);
			dependencies = (
			);
			name = Diffusion;
			productName = Diffusion;
			productReference = A7146B941DA6E26800789329 /* Diffusion.app */;
			productType = "com.apple.product-type.application";
		};
		A7146BA71DA6E26800789329 /* DiffusionTests */ = {
			isa = PBXNativeTarget;
			buildConfigurationList = A7146BBF1DA6E26800789329 /* Build configuration list for PBXNativeTarget "DiffusionTests" */;
			buildPhases = (
				A7146BA41DA6E26800789329 /* Sources */,
				A7146BA51DA6E26800789329 /* Frameworks */,
				A7146BA61DA6E26800789329 /* Resources */,
			);
			buildRules = (
			);
			dependencies = (
				A7146BAA1DA6E26800789329 /* PBXTargetDependency */,
			);
			name = DiffusionTests;
			productName = DiffusionTests;
			productReference = A7146BA81DA6E26800789329 /* DiffusionTests.xctest */;
			productType = "com.apple.product-type.bundle.unit-test";
		};
		A7146BB21DA6E26800789329 /* DiffusionUITests */ = {
			isa = PBXNativeTarget;
			buildConfigurationList = A7146BC21DA6E26800789329 /* Build configuration list for PBXNativeTarget "DiffusionUITests" */;
			buildPhases = (
				A7146BAF1DA6E26800789329 /* Sources */,
				A7146BB01DA6E26800789329 /* Frameworks */,
				A7146BB11DA6E26800789329 /* Resources */,
			);
			buildRules = (
			);
			dependencies = (
				A7146BB51DA6E26800789329 /* PBXTargetDependency */,
			);
			name = DiffusionUITests;
			productName = DiffusionUITests;
			productReference = A7146BB31DA6E26800789329 /* DiffusionUITests.xctest */;
			productType = "com.apple.product-type.bundle.ui-testing";
		};
/* End PBXNativeTarget section */

/* Begin PBXProject section */
		A7146B8C1DA6E26800789329 /* Project object */ = {
			isa = PBXProject;
			attributes = {
				LastSwiftUpdateCheck = 0800;
				LastUpgradeCheck = 0800;
				ORGANIZATIONNAME = "Ben Makusha";
				TargetAttributes = {
					A7146B931DA6E26800789329 = {
						CreatedOnToolsVersion = 8.0;
						DevelopmentTeam = X9S97S4N54;
						ProvisioningStyle = Automatic;
					};
					A7146BA71DA6E26800789329 = {
						CreatedOnToolsVersion = 8.0;
						DevelopmentTeam = X9S97S4N54;
						ProvisioningStyle = Automatic;
						TestTargetID = A7146B931DA6E26800789329;
					};
					A7146BB21DA6E26800789329 = {
						CreatedOnToolsVersion = 8.0;
						DevelopmentTeam = X9S97S4N54;
						ProvisioningStyle = Automatic;
						TestTargetID = A7146B931DA6E26800789329;
					};
				};
			};
			buildConfigurationList = A7146B8F1DA6E26800789329 /* Build configuration list for PBXProject "Diffusion" */;
			compatibilityVersion = "Xcode 3.2";
			developmentRegion = English;
			hasScannedForEncodings = 0;
			knownRegions = (
				en,
				Base,
			);
			mainGroup = A7146B8B1DA6E26800789329;
			productRefGroup = A7146B951DA6E26800789329 /* Products */;
			projectDirPath = "";
			projectRoot = "";
			targets = (
				A7146B931DA6E26800789329 /* Diffusion */,
				A7146BA71DA6E26800789329 /* DiffusionTests */,
				A7146BB21DA6E26800789329 /* DiffusionUITests */,
			);
		};
/* End PBXProject section */

/* Begin PBXResourcesBuildPhase section */
		A7146B921DA6E26800789329 /* Resources */ = {
			isa = PBXResourcesBuildPhase;
			buildActionMask = 2147483647;
			files = (
				A7146BA21DA6E26800789329 /* LaunchScreen.storyboard in Resources */,
				A7146B9F1DA6E26800789329 /* Assets.xcassets in Resources */,
				A7146B9D1DA6E26800789329 /* Main.storyboard in Resources */,
			);
			runOnlyForDeploymentPostprocessing = 0;
		};
		A7146BA61DA6E26800789329 /* Resources */ = {
			isa = PBXResourcesBuildPhase;
			buildActionMask = 2147483647;
			files = (
			);
			runOnlyForDeploymentPostprocessing = 0;
		};
		A7146BB11DA6E26800789329 /* Resources */ = {
			isa = PBXResourcesBuildPhase;
			buildActionMask = 2147483647;
			files = (
			);
			runOnlyForDeploymentPostprocessing = 0;
		};
/* End PBXResourcesBuildPhase section */

/* Begin PBXSourcesBuildPhase section */
		A7146B901DA6E26800789329 /* Sources */ = {
			isa = PBXSourcesBuildPhase;
			buildActionMask = 2147483647;
			files = (
				A7146B9A1DA6E26800789329 /* ViewController.swift in Sources */,
				A7146B981DA6E26800789329 /* AppDelegate.swift in Sources */,
			);
			runOnlyForDeploymentPostprocessing = 0;
		};
		A7146BA41DA6E26800789329 /* Sources */ = {
			isa = PBXSourcesBuildPhase;
			buildActionMask = 2147483647;
			files = (
				A7146BAD1DA6E26800789329 /* DiffusionTests.swift in Sources */,
			);
			runOnlyForDeploymentPostprocessing = 0;
		};
		A7146BAF1DA6E26800789329 /* Sources */ = {
			isa = PBXSourcesBuildPhase;
			buildActionMask = 2147483647;
			files = (
				A7146BB81DA6E26800789329 /* DiffusionUITests.swift in Sources */,
			);
			runOnlyForDeploymentPostprocessing = 0;
		};
/* End PBXSourcesBuildPhase section */

/* Begin PBXTargetDependency section */
		A7146BAA1DA6E26800789329 /* PBXTargetDependency */ = {
			isa = PBXTargetDependency;
			target = A7146B931DA6E26800789329 /* Diffusion */;
			targetProxy = A7146BA91DA6E26800789329 /* PBXContainerItemProxy */;
		};
		A7146BB51DA6E26800789329 /* PBXTargetDependency */ = {
			isa = PBXTargetDependency;
			target = A7146B931DA6E26800789329 /* Diffusion */;
			targetProxy = A7146BB41DA6E26800789329 /* PBXContainerItemProxy */;
		};
/* End PBXTargetDependency section */

/* Begin PBXVariantGroup section */
		A7146B9B1DA6E26800789329 /* Main.storyboard */ = {
			isa = PBXVariantGroup;
			children = (
				A7146B9C1DA6E26800789329 /* Base */,
			);
			name = Main.storyboard;
			sourceTree = "<group>";
		};
		A7146BA01DA6E26800789329 /* LaunchScreen.storyboard */ = {
			isa = PBXVariantGroup;
			children = (
				A7146BA11DA6E26800789329 /* Base */,
			);
			name = LaunchScreen.storyboard;
			sourceTree = "<group>";
		};
/* End PBXVariantGroup section */

/* Begin XCBuildConfiguration section */
		A7146BBA1DA6E26800789329 /* Debug */ = {
			isa = XCBuildConfiguration;
			buildSettings = {
				ALWAYS_SEARCH_USER_PATHS = NO;
				CLANG_ANALYZER_NONNULL = YES;
				CLANG_CXX_LANGUAGE_STANDARD = "gnu++0x";
				CLANG_CXX_LIBRARY = "libc++";
				CLANG_ENABLE_MODULES = YES;
				CLANG_ENABLE_OBJC_ARC = YES;
				CLANG_WARN_BOOL_CONVERSION = YES;
				CLANG_WARN_CONSTANT_CONVERSION = YES;
				CLANG_WARN_DIRECT_OBJC_ISA_USAGE = YES_ERROR;
				CLANG_WARN_DOCUMENTATION_COMMENTS = YES;
				CLANG_WARN_EMPTY_BODY = YES;
				CLANG_WARN_ENUM_CONVERSION = YES;
				CLANG_WARN_INFINITE_RECURSION = YES;
				CLANG_WARN_INT_CONVERSION = YES;
				CLANG_WARN_OBJC_ROOT_CLASS = YES_ERROR;
				CLANG_WARN_SUSPICIOUS_MOVES = YES;
				CLANG_WARN_UNREACHABLE_CODE = YES;
				CLANG_WARN__DUPLICATE_METHOD_MATCH = YES;
				"CODE_SIGN_IDENTITY[sdk=iphoneos*]" = "iPhone Developer";
				COPY_PHASE_STRIP = NO;
				DEBUG_INFORMATION_FORMAT = dwarf;
				ENABLE_STRICT_OBJC_MSGSEND = YES;
				ENABLE_TESTABILITY = YES;
				GCC_C_LANGUAGE_STANDARD = gnu99;
				GCC_DYNAMIC_NO_PIC = NO;
				GCC_NO_COMMON_BLOCKS = YES;
				GCC_OPTIMIZATION_LEVEL = 0;
				GCC_PREPROCESSOR_DEFINITIONS = (
					"DEBUG=1",
					"$(inherited)",
				);
				GCC_WARN_64_TO_32_BIT_CONVERSION = YES;
				GCC_WARN_ABOUT_RETURN_TYPE = YES_ERROR;
				GCC_WARN_UNDECLARED_SELECTOR = YES;
				GCC_WARN_UNINITIALIZED_AUTOS = YES_AGGRESSIVE;
				GCC_WARN_UNUSED_FUNCTION = YES;
				GCC_WARN_UNUSED_VARIABLE = YES;
				IPHONEOS_DEPLOYMENT_TARGET = 10.0;
				MTL_ENABLE_DEBUG_INFO = YES;
				ONLY_ACTIVE_ARCH = YES;
				SDKROOT = iphoneos;
				SWIFT_ACTIVE_COMPILATION_CONDITIONS = DEBUG;
				SWIFT_OPTIMIZATION_LEVEL = "-Onone";
				TARGETED_DEVICE_FAMILY = "1,2";
			};
			name = Debug;
		};
		A7146BBB1DA6E26800789329 /* Release */ = {
			isa = XCBuildConfiguration;
			buildSettings = {
				ALWAYS_SEARCH_USER_PATHS = NO;
				CLANG_ANALYZER_NONNULL = YES;
				CLANG_CXX_LANGUAGE_STANDARD = "gnu++0x";
				CLANG_CXX_LIBRARY = "libc++";
				CLANG_ENABLE_MODULES = YES;
				CLANG_ENABLE_OBJC_ARC = YES;
				CLANG_WARN_BOOL_CONVERSION = YES;
				CLANG_WARN_CONSTANT_CONVERSION = YES;
				CLANG_WARN_DIRECT_OBJC_ISA_USAGE = YES_ERROR;
				CLANG_WARN_DOCUMENTATION_COMMENTS = YES;
				CLANG_WARN_EMPTY_BODY = YES;
				CLANG_WARN_ENUM_CONVERSION = YES;
				CLANG_WARN_INFINITE_RECURSION = YES;
				CLANG_WARN_INT_CONVERSION = YES;
				CLANG_WARN_OBJC_ROOT_CLASS = YES_ERROR;
				CLANG_WARN_SUSPICIOUS_MOVES = YES;
				CLANG_WARN_UNREACHABLE_CODE = YES;
				CLANG_WARN__DUPLICATE_METHOD_MATCH = YES;
				"CODE_SIGN_IDENTITY[sdk=iphoneos*]" = "iPhone Developer";
				COPY_PHASE_STRIP = NO;
				DEBUG_INFORMATION_FORMAT = "dwarf-with-dsym";
				ENABLE_NS_ASSERTIONS = NO;
				ENABLE_STRICT_OBJC_MSGSEND = YES;
				GCC_C_LANGUAGE_STANDARD = gnu99;
				GCC_NO_COMMON_BLOCKS = YES;
				GCC_WARN_64_TO_32_BIT_CONVERSION = YES;
				GCC_WARN_ABOUT_RETURN_TYPE = YES_ERROR;
				GCC_WARN_UNDECLARED_SELECTOR = YES;
				GCC_WARN_UNINITIALIZED_AUTOS = YES_AGGRESSIVE;
				GCC_WARN_UNUSED_FUNCTION = YES;
				GCC_WARN_UNUSED_VARIABLE = YES;
				IPHONEOS_DEPLOYMENT_TARGET = 10.0;
				MTL_ENABLE_DEBUG_INFO = NO;
				SDKROOT = iphoneos;
				SWIFT_OPTIMIZATION_LEVEL = "-Owholemodule";
				TARGETED_DEVICE_FAMILY = "1,2";
				VALIDATE_PRODUCT = YES;
			};
			name = Release;
		};
		A7146BBD1DA6E26800789329 /* Debug */ = {
			isa = XCBuildConfiguration;
			buildSettings = {
				ASSETCATALOG_COMPILER_APPICON_NAME = AppIcon;
				DEVELOPMENT_TEAM = X9S97S4N54;
				INFOPLIST_FILE = Diffusion/Info.plist;
				LD_RUNPATH_SEARCH_PATHS = "$(inherited) @executable_path/Frameworks";
				PRODUCT_BUNDLE_IDENTIFIER = com.benmakusha.Diffusion;
				PRODUCT_NAME = "$(TARGET_NAME)";
				SWIFT_VERSION = 3.0;
			};
			name = Debug;
		};
		A7146BBE1DA6E26800789329 /* Release */ = {
			isa = XCBuildConfiguration;
			buildSettings = {
				ASSETCATALOG_COMPILER_APPICON_NAME = AppIcon;
				DEVELOPMENT_TEAM = X9S97S4N54;
				INFOPLIST_FILE = Diffusion/Info.plist;
				LD_RUNPATH_SEARCH_PATHS = "$(inherited) @executable_path/Frameworks";
				PRODUCT_BUNDLE_IDENTIFIER = com.benmakusha.Diffusion;
				PRODUCT_NAME = "$(TARGET_NAME)";
				SWIFT_VERSION = 3.0;
			};
			name = Release;
		};
		A7146BC01DA6E26800789329 /* Debug */ = {
			isa = XCBuildConfiguration;
			buildSettings = {
				ALWAYS_EMBED_SWIFT_STANDARD_LIBRARIES = YES;
				BUNDLE_LOADER = "$(TEST_HOST)";
				DEVELOPMENT_TEAM = X9S97S4N54;
				INFOPLIST_FILE = DiffusionTests/Info.plist;
				LD_RUNPATH_SEARCH_PATHS = "$(inherited) @executable_path/Frameworks @loader_path/Frameworks";
				PRODUCT_BUNDLE_IDENTIFIER = com.benmakusha.DiffusionTests;
				PRODUCT_NAME = "$(TARGET_NAME)";
				SWIFT_VERSION = 3.0;
				TEST_HOST = "$(BUILT_PRODUCTS_DIR)/Diffusion.app/Diffusion";
			};
			name = Debug;
		};
		A7146BC11DA6E26800789329 /* Release */ = {
			isa = XCBuildConfiguration;
			buildSettings = {
				ALWAYS_EMBED_SWIFT_STANDARD_LIBRARIES = YES;
				BUNDLE_LOADER = "$(TEST_HOST)";
				DEVELOPMENT_TEAM = X9S97S4N54;
				INFOPLIST_FILE = DiffusionTests/Info.plist;
				LD_RUNPATH_SEARCH_PATHS = "$(inherited) @executable_path/Frameworks @loader_path/Frameworks";
				PRODUCT_BUNDLE_IDENTIFIER = com.benmakusha.DiffusionTests;
				PRODUCT_NAME = "$(TARGET_NAME)";
				SWIFT_VERSION = 3.0;
				TEST_HOST = "$(BUILT_PRODUCTS_DIR)/Diffusion.app/Diffusion";
			};
			name = Release;
		};
		A7146BC31DA6E26800789329 /* Debug */ = {
			isa = XCBuildConfiguration;
			buildSettings = {
				ALWAYS_EMBED_SWIFT_STANDARD_LIBRARIES = YES;
				DEVELOPMENT_TEAM = X9S97S4N54;
				INFOPLIST_FILE = DiffusionUITests/Info.plist;
				LD_RUNPATH_SEARCH_PATHS = "$(inherited) @executable_path/Frameworks @loader_path/Frameworks";
				PRODUCT_BUNDLE_IDENTIFIER = com.benmakusha.DiffusionUITests;
				PRODUCT_NAME = "$(TARGET_NAME)";
				SWIFT_VERSION = 3.0;
				TEST_TARGET_NAME = Diffusion;
			};
			name = Debug;
		};
		A7146BC41DA6E26800789329 /* Release */ = {
			isa = XCBuildConfiguration;
			buildSettings = {
				ALWAYS_EMBED_SWIFT_STANDARD_LIBRARIES = YES;
				DEVELOPMENT_TEAM = X9S97S4N54;
				INFOPLIST_FILE = DiffusionUITests/Info.plist;
				LD_RUNPATH_SEARCH_PATHS = "$(inherited) @executable_path/Frameworks @loader_path/Frameworks";
				PRODUCT_BUNDLE_IDENTIFIER = com.benmakusha.DiffusionUITests;
				PRODUCT_NAME = "$(TARGET_NAME)";
				SWIFT_VERSION = 3.0;
				TEST_TARGET_NAME = Diffusion;
			};
			name = Release;
		};
/* End XCBuildConfiguration section */

/* Begin XCConfigurationList section */
		A7146B8F1DA6E26800789329 /* Build configuration list for PBXProject "Diffusion" */ = {
			isa = XCConfigurationList;
			buildConfigurations = (
				A7146BBA1DA6E26800789329 /* Debug */,
				A7146BBB1DA6E26800789329 /* Release */,
			);
			defaultConfigurationIsVisible = 0;
			defaultConfigurationName = Release;
		};
		A7146BBC1DA6E26800789329 /* Build configuration list for PBXNativeTarget "Diffusion" */ = {
			isa = XCConfigurationList;
			buildConfigurations = (
				A7146BBD1DA6E26800789329 /* Debug */,
				A7146BBE1DA6E26800789329 /* Release */,
			);
			defaultConfigurationIsVisible = 0;
		};
		A7146BBF1DA6E26800789329 /* Build configuration list for PBXNativeTarget "DiffusionTests" */ = {
			isa = XCConfigurationList;
			buildConfigurations = (
				A7146BC01DA6E26800789329 /* Debug */,
				A7146BC11DA6E26800789329 /* Release */,
			);
			defaultConfigurationIsVisible = 0;
		};
		A7146BC21DA6E26800789329 /* Build configuration list for PBXNativeTarget "DiffusionUITests" */ = {
			isa = XCConfigurationList;
			buildConfigurations = (
				A7146BC31DA6E26800789329 /* Debug */,
				A7146BC41DA6E26800789329 /* Release */,
			);
			defaultConfigurationIsVisible = 0;
		};
/* End XCConfigurationList section */
	};
	rootObject = A7146B8C1DA6E26800789329 /* Project object */;
}
