// !$*UTF8*$!
{
	archiveVersion = 1;
	classes = {
	};
	objectVersion = 46;
	objects = {

/* Begin PBXBuildFile section */
		21356CE532A0467ED6554133 /* Pods_DiffusionTests.framework in Frameworks */ = {isa = PBXBuildFile; fileRef = C1AAAD0E07C550C727C4669C /* Pods_DiffusionTests.framework */; };
		2A197DD733DFDA933D4CC4BB /* Pods_Diffusion.framework in Frameworks */ = {isa = PBXBuildFile; fileRef = 15190D56AD8B4B5CD1DA510F /* Pods_Diffusion.framework */; };
		4C58829BF30BFEAB59BCE4E2 /* Pods_DiffusionUITests.framework in Frameworks */ = {isa = PBXBuildFile; fileRef = 955F39447CEE686605275510 /* Pods_DiffusionUITests.framework */; };
		A7146B981DA6E26800789329 /* AppDelegate.swift in Sources */ = {isa = PBXBuildFile; fileRef = A7146B971DA6E26800789329 /* AppDelegate.swift */; };
		A7146B9A1DA6E26800789329 /* SignInVC.swift in Sources */ = {isa = PBXBuildFile; fileRef = A7146B991DA6E26800789329 /* SignInVC.swift */; };
		A7146B9D1DA6E26800789329 /* Main.storyboard in Resources */ = {isa = PBXBuildFile; fileRef = A7146B9B1DA6E26800789329 /* Main.storyboard */; };
		A7146B9F1DA6E26800789329 /* Assets.xcassets in Resources */ = {isa = PBXBuildFile; fileRef = A7146B9E1DA6E26800789329 /* Assets.xcassets */; };
		A7146BA21DA6E26800789329 /* LaunchScreen.storyboard in Resources */ = {isa = PBXBuildFile; fileRef = A7146BA01DA6E26800789329 /* LaunchScreen.storyboard */; };
		A7146BAD1DA6E26800789329 /* DiffusionTests.swift in Sources */ = {isa = PBXBuildFile; fileRef = A7146BAC1DA6E26800789329 /* DiffusionTests.swift */; };
		A7146BB81DA6E26800789329 /* DiffusionUITests.swift in Sources */ = {isa = PBXBuildFile; fileRef = A7146BB71DA6E26800789329 /* DiffusionUITests.swift */; };
		A73689321DA74F2600B80C3F /* GoogleService-Info.plist in Resources */ = {isa = PBXBuildFile; fileRef = A73689311DA74F2600B80C3F /* GoogleService-Info.plist */; };
		A7D6E58B1DA9B6B6005F0C59 /* AnimationEngine.swift in Sources */ = {isa = PBXBuildFile; fileRef = A7D6E58A1DA9B6B6005F0C59 /* AnimationEngine.swift */; };
		A7D6E5901DA9C221005F0C59 /* CustButton.swift in Sources */ = {isa = PBXBuildFile; fileRef = A7D6E58F1DA9C221005F0C59 /* CustButton.swift */; };
		A7F22EA41DA76319001B297B /* CustomView.swift in Sources */ = {isa = PBXBuildFile; fileRef = A7F22EA31DA76319001B297B /* CustomView.swift */; };
		A7F22EA61DA76342001B297B /* GoogleService-Info.plist in Resources */ = {isa = PBXBuildFile; fileRef = A7F22EA51DA76342001B297B /* GoogleService-Info.plist */; };
		A7F22EA71DA76342001B297B /* GoogleService-Info.plist in Resources */ = {isa = PBXBuildFile; fileRef = A7F22EA51DA76342001B297B /* GoogleService-Info.plist */; };
		A7F22EA81DA76342001B297B /* GoogleService-Info.plist in Resources */ = {isa = PBXBuildFile; fileRef = A7F22EA51DA76342001B297B /* GoogleService-Info.plist */; };
		A7F22EAA1DA7636C001B297B /* CustomButton.swift in Sources */ = {isa = PBXBuildFile; fileRef = A7F22EA91DA7636C001B297B /* CustomButton.swift */; };
		A7F22EAC1DA76378001B297B /* Constants.swift in Sources */ = {isa = PBXBuildFile; fileRef = A7F22EAB1DA76378001B297B /* Constants.swift */; };
		A7F9C8151DA99100001B8F31 /* FeedVC.swift in Sources */ = {isa = PBXBuildFile; fileRef = A7F9C8141DA99100001B8F31 /* FeedVC.swift */; };
/* End PBXBuildFile section */

/* Begin PBXContainerItemProxy section */
		A7146BA91DA6E26800789329 /* PBXContainerItemProxy */ = {
			isa = PBXContainerItemProxy;
			containerPortal = A7146B8C1DA6E26800789329 /* Project object */;
			proxyType = 1;
			remoteGlobalIDString = A7146B931DA6E26800789329;
			remoteInfo = Diffusion;
		};
		A7146BB41DA6E26800789329 /* PBXContainerItemProxy */ = {
			isa = PBXContainerItemProxy;
			containerPortal = A7146B8C1DA6E26800789329 /* Project object */;
			proxyType = 1;
			remoteGlobalIDString = A7146B931DA6E26800789329;
			remoteInfo = Diffusion;
		};
/* End PBXContainerItemProxy section */

/* Begin PBXFileReference section */
		08D13A0123687591F4A015C1 /* Pods-Diffusion.release.xcconfig */ = {isa = PBXFileReference; includeInIndex = 1; lastKnownFileType = text.xcconfig; name = "Pods-Diffusion.release.xcconfig"; path = "Pods/Target Support Files/Pods-Diffusion/Pods-Diffusion.release.xcconfig"; sourceTree = "<group>"; };
		15190D56AD8B4B5CD1DA510F /* Pods_Diffusion.framework */ = {isa = PBXFileReference; explicitFileType = wrapper.framework; includeInIndex = 0; path = Pods_Diffusion.framework; sourceTree = BUILT_PRODUCTS_DIR; };
		693DFDCCBED2267228DE671C /* Pods-DiffusionTests.debug.xcconfig */ = {isa = PBXFileReference; includeInIndex = 1; lastKnownFileType = text.xcconfig; name = "Pods-DiffusionTests.debug.xcconfig"; path = "Pods/Target Support Files/Pods-DiffusionTests/Pods-DiffusionTests.debug.xcconfig"; sourceTree = "<group>"; };
		6AE4F0A23556ADB9BEE35604 /* Pods-DiffusionTests.release.xcconfig */ = {isa = PBXFileReference; includeInIndex = 1; lastKnownFileType = text.xcconfig; name = "Pods-DiffusionTests.release.xcconfig"; path = "Pods/Target Support Files/Pods-DiffusionTests/Pods-DiffusionTests.release.xcconfig"; sourceTree = "<group>"; };
		955F39447CEE686605275510 /* Pods_DiffusionUITests.framework */ = {isa = PBXFileReference; explicitFileType = wrapper.framework; includeInIndex = 0; path = Pods_DiffusionUITests.framework; sourceTree = BUILT_PRODUCTS_DIR; };
		A7146B941DA6E26800789329 /* Diffusion.app */ = {isa = PBXFileReference; explicitFileType = wrapper.application; includeInIndex = 0; path = Diffusion.app; sourceTree = BUILT_PRODUCTS_DIR; };
		A7146B971DA6E26800789329 /* AppDelegate.swift */ = {isa = PBXFileReference; lastKnownFileType = sourcecode.swift; path = AppDelegate.swift; sourceTree = "<group>"; };
		A7146B991DA6E26800789329 /* SignInVC.swift */ = {isa = PBXFileReference; lastKnownFileType = sourcecode.swift; path = SignInVC.swift; sourceTree = "<group>"; };
		A7146B9C1DA6E26800789329 /* Base */ = {isa = PBXFileReference; lastKnownFileType = file.storyboard; name = Base; path = Base.lproj/Main.storyboard; sourceTree = "<group>"; };
		A7146B9E1DA6E26800789329 /* Assets.xcassets */ = {isa = PBXFileReference; lastKnownFileType = folder.assetcatalog; path = Assets.xcassets; sourceTree = "<group>"; };
		A7146BA11DA6E26800789329 /* Base */ = {isa = PBXFileReference; lastKnownFileType = file.storyboard; name = Base; path = Base.lproj/LaunchScreen.storyboard; sourceTree = "<group>"; };
		A7146BA31DA6E26800789329 /* Info.plist */ = {isa = PBXFileReference; lastKnownFileType = text.plist.xml; path = Info.plist; sourceTree = "<group>"; };
		A7146BA81DA6E26800789329 /* DiffusionTests.xctest */ = {isa = PBXFileReference; explicitFileType = wrapper.cfbundle; includeInIndex = 0; path = DiffusionTests.xctest; sourceTree = BUILT_PRODUCTS_DIR; };
		A7146BAC1DA6E26800789329 /* DiffusionTests.swift */ = {isa = PBXFileReference; lastKnownFileType = sourcecode.swift; path = DiffusionTests.swift; sourceTree = "<group>"; };
		A7146BAE1DA6E26800789329 /* Info.plist */ = {isa = PBXFileReference; lastKnownFileType = text.plist.xml; path = Info.plist; sourceTree = "<group>"; };
		A7146BB31DA6E26800789329 /* DiffusionUITests.xctest */ = {isa = PBXFileReference; explicitFileType = wrapper.cfbundle; includeInIndex = 0; path = DiffusionUITests.xctest; sourceTree = BUILT_PRODUCTS_DIR; };
		A7146BB71DA6E26800789329 /* DiffusionUITests.swift */ = {isa = PBXFileReference; lastKnownFileType = sourcecode.swift; path = DiffusionUITests.swift; sourceTree = "<group>"; };
		A7146BB91DA6E26800789329 /* Info.plist */ = {isa = PBXFileReference; lastKnownFileType = text.plist.xml; path = Info.plist; sourceTree = "<group>"; };
		A73689311DA74F2600B80C3F /* GoogleService-Info.plist */ = {isa = PBXFileReference; fileEncoding = 4; lastKnownFileType = text.plist.xml; path = "GoogleService-Info.plist"; sourceTree = "<group>"; };
		A7D6E58A1DA9B6B6005F0C59 /* AnimationEngine.swift */ = {isa = PBXFileReference; fileEncoding = 4; lastKnownFileType = sourcecode.swift; path = AnimationEngine.swift; sourceTree = "<group>"; };
		A7D6E58E1DA9BAE6005F0C59 /* Diffusion-Bridging-Header.h */ = {isa = PBXFileReference; lastKnownFileType = sourcecode.c.h; path = "Diffusion-Bridging-Header.h"; sourceTree = "<group>"; };
		A7D6E58F1DA9C221005F0C59 /* CustButton.swift */ = {isa = PBXFileReference; fileEncoding = 4; lastKnownFileType = sourcecode.swift; path = CustButton.swift; sourceTree = "<group>"; };
		A7F22EA31DA76319001B297B /* CustomView.swift */ = {isa = PBXFileReference; fileEncoding = 4; lastKnownFileType = sourcecode.swift; path = CustomView.swift; sourceTree = "<group>"; };
		A7F22EA51DA76342001B297B /* GoogleService-Info.plist */ = {isa = PBXFileReference; fileEncoding = 4; lastKnownFileType = text.plist.xml; path = "GoogleService-Info.plist"; sourceTree = "<group>"; };
		A7F22EA91DA7636C001B297B /* CustomButton.swift */ = {isa = PBXFileReference; fileEncoding = 4; lastKnownFileType = sourcecode.swift; path = CustomButton.swift; sourceTree = "<group>"; };
		A7F22EAB1DA76378001B297B /* Constants.swift */ = {isa = PBXFileReference; fileEncoding = 4; lastKnownFileType = sourcecode.swift; path = Constants.swift; sourceTree = "<group>"; };
		A7F9C8141DA99100001B8F31 /* FeedVC.swift */ = {isa = PBXFileReference; fileEncoding = 4; lastKnownFileType = sourcecode.swift; path = FeedVC.swift; sourceTree = "<group>"; };
		A7F9C8161DA993E6001B8F31 /* Diffusion.entitlements */ = {isa = PBXFileReference; lastKnownFileType = text.plist.entitlements; path = Diffusion.entitlements; sourceTree = "<group>"; };
		B5F05112105A015545635B00 /* Pods-DiffusionUITests.debug.xcconfig */ = {isa = PBXFileReference; includeInIndex = 1; lastKnownFileType = text.xcconfig; name = "Pods-DiffusionUITests.debug.xcconfig"; path = "Pods/Target Support Files/Pods-DiffusionUITests/Pods-DiffusionUITests.debug.xcconfig"; sourceTree = "<group>"; };
		C1AAAD0E07C550C727C4669C /* Pods_DiffusionTests.framework */ = {isa = PBXFileReference; explicitFileType = wrapper.framework; includeInIndex = 0; path = Pods_DiffusionTests.framework; sourceTree = BUILT_PRODUCTS_DIR; };
		C8DD9902BE2ED212810E8AA9 /* Pods-DiffusionUITests.release.xcconfig */ = {isa = PBXFileReference; includeInIndex = 1; lastKnownFileType = text.xcconfig; name = "Pods-DiffusionUITests.release.xcconfig"; path = "Pods/Target Support Files/Pods-DiffusionUITests/Pods-DiffusionUITests.release.xcconfig"; sourceTree = "<group>"; };
		CA1630017C3AE88B4BDA3955 /* Pods-Diffusion.debug.xcconfig */ = {isa = PBXFileReference; includeInIndex = 1; lastKnownFileType = text.xcconfig; name = "Pods-Diffusion.debug.xcconfig"; path = "Pods/Target Support Files/Pods-Diffusion/Pods-Diffusion.debug.xcconfig"; sourceTree = "<group>"; };
/* End PBXFileReference section */

/* Begin PBXFrameworksBuildPhase section */
		A7146B911DA6E26800789329 /* Frameworks */ = {
			isa = PBXFrameworksBuildPhase;
			buildActionMask = 2147483647;
			files = (
				2A197DD733DFDA933D4CC4BB /* Pods_Diffusion.framework in Frameworks */,
			);
			runOnlyForDeploymentPostprocessing = 0;
		};
		A7146BA51DA6E26800789329 /* Frameworks */ = {
			isa = PBXFrameworksBuildPhase;
			buildActionMask = 2147483647;
			files = (
				21356CE532A0467ED6554133 /* Pods_DiffusionTests.framework in Frameworks */,
			);
			runOnlyForDeploymentPostprocessing = 0;
		};
		A7146BB01DA6E26800789329 /* Frameworks */ = {
			isa = PBXFrameworksBuildPhase;
			buildActionMask = 2147483647;
			files = (
				4C58829BF30BFEAB59BCE4E2 /* Pods_DiffusionUITests.framework in Frameworks */,
			);
			runOnlyForDeploymentPostprocessing = 0;
		};
/* End PBXFrameworksBuildPhase section */

/* Begin PBXGroup section */
		611A49F6DB03A6F5339AA3F7 /* Frameworks */ = {
			isa = PBXGroup;
			children = (
				15190D56AD8B4B5CD1DA510F /* Pods_Diffusion.framework */,
				C1AAAD0E07C550C727C4669C /* Pods_DiffusionTests.framework */,
				955F39447CEE686605275510 /* Pods_DiffusionUITests.framework */,
			);
			name = Frameworks;
			sourceTree = "<group>";
		};
		92B5247E4947411FA7FA4F7D /* Pods */ = {
			isa = PBXGroup;
			children = (
				CA1630017C3AE88B4BDA3955 /* Pods-Diffusion.debug.xcconfig */,
				08D13A0123687591F4A015C1 /* Pods-Diffusion.release.xcconfig */,
				693DFDCCBED2267228DE671C /* Pods-DiffusionTests.debug.xcconfig */,
				6AE4F0A23556ADB9BEE35604 /* Pods-DiffusionTests.release.xcconfig */,
				B5F05112105A015545635B00 /* Pods-DiffusionUITests.debug.xcconfig */,
				C8DD9902BE2ED212810E8AA9 /* Pods-DiffusionUITests.release.xcconfig */,
			);
			name = Pods;
			sourceTree = "<group>";
		};
		A7146B8B1DA6E26800789329 = {
			isa = PBXGroup;
			children = (
				A7D6E58E1DA9BAE6005F0C59 /* Diffusion-Bridging-Header.h */,
				A7146B961DA6E26800789329 /* Diffusion */,
				A7146BAB1DA6E26800789329 /* DiffusionTests */,
				A7146BB61DA6E26800789329 /* DiffusionUITests */,
				A7146B951DA6E26800789329 /* Products */,
				92B5247E4947411FA7FA4F7D /* Pods */,
				611A49F6DB03A6F5339AA3F7 /* Frameworks */,
			);
			sourceTree = "<group>";
		};
		A7146B951DA6E26800789329 /* Products */ = {
			isa = PBXGroup;
			children = (
				A7146B941DA6E26800789329 /* Diffusion.app */,
				A7146BA81DA6E26800789329 /* DiffusionTests.xctest */,
				A7146BB31DA6E26800789329 /* DiffusionUITests.xctest */,
			);
			name = Products;
			sourceTree = "<group>";
		};
		A7146B961DA6E26800789329 /* Diffusion */ = {
			isa = PBXGroup;
			children = (
				A7F9C8161DA993E6001B8F31 /* Diffusion.entitlements */,
				A73689301DA74AE800B80C3F /* Utils */,
				A736892F1DA74AE100B80C3F /* Model */,
				A736892E1DA74ADC00B80C3F /* View */,
				A736892D1DA74AD600B80C3F /* Controller */,
				A7146B971DA6E26800789329 /* AppDelegate.swift */,
				A7146B9B1DA6E26800789329 /* Main.storyboard */,
				A7146B9E1DA6E26800789329 /* Assets.xcassets */,
				A7146BA01DA6E26800789329 /* LaunchScreen.storyboard */,
				A7F22EA51DA76342001B297B /* GoogleService-Info.plist */,
				A7146BA31DA6E26800789329 /* Info.plist */,
			);
			path = Diffusion;
			sourceTree = "<group>";
		};
		A7146BAB1DA6E26800789329 /* DiffusionTests */ = {
			isa = PBXGroup;
			children = (
				A7146BAC1DA6E26800789329 /* DiffusionTests.swift */,
				A73689311DA74F2600B80C3F /* GoogleService-Info.plist */,
				A7146BAE1DA6E26800789329 /* Info.plist */,
			);
			path = DiffusionTests;
			sourceTree = "<group>";
		};
		A7146BB61DA6E26800789329 /* DiffusionUITests */ = {
			isa = PBXGroup;
			children = (
				A7146BB71DA6E26800789329 /* DiffusionUITests.swift */,
				A7146BB91DA6E26800789329 /* Info.plist */,
			);
			path = DiffusionUITests;
			sourceTree = "<group>";
		};
		A736892D1DA74AD600B80C3F /* Controller */ = {
			isa = PBXGroup;
			children = (
				A7146B991DA6E26800789329 /* SignInVC.swift */,
				A7F9C8141DA99100001B8F31 /* FeedVC.swift */,
			);
			name = Controller;
			sourceTree = "<group>";
		};
		A736892E1DA74ADC00B80C3F /* View */ = {
			isa = PBXGroup;
			children = (
				A7F22EA31DA76319001B297B /* CustomView.swift */,
				A7F22EA91DA7636C001B297B /* CustomButton.swift */,
				A7D6E58F1DA9C221005F0C59 /* CustButton.swift */,
			);
			name = View;
			sourceTree = "<group>";
		};
		A736892F1DA74AE100B80C3F /* Model */ = {
			isa = PBXGroup;
			children = (
			);
			name = Model;
			sourceTree = "<group>";
		};
		A73689301DA74AE800B80C3F /* Utils */ = {
			isa = PBXGroup;
			children = (
				A7F22EAB1DA76378001B297B /* Constants.swift */,
				A7D6E58A1DA9B6B6005F0C59 /* AnimationEngine.swift */,
			);
			name = Utils;
			sourceTree = "<group>";
		};
/* End PBXGroup section */

/* Begin PBXNativeTarget section */
		A7146B931DA6E26800789329 /* Diffusion */ = {
			isa = PBXNativeTarget;
			buildConfigurationList = A7146BBC1DA6E26800789329 /* Build configuration list for PBXNativeTarget "Diffusion" */;
			buildPhases = (
				D8EF2B51C6EC828E2013B067 /* [CP] Check Pods Manifest.lock */,
				A7146B901DA6E26800789329 /* Sources */,
				A7146B911DA6E26800789329 /* Frameworks */,
				A7146B921DA6E26800789329 /* Resources */,
				8E60AF809D58747065821552 /* [CP] Embed Pods Frameworks */,
				F8DE90B376CFE320DA9AEAA6 /* [CP] Copy Pods Resources */,
			);
			buildRules = (
			);
			dependencies = (
			);
			name = Diffusion;
			productName = Diffusion;
			productReference = A7146B941DA6E26800789329 /* Diffusion.app */;
			productType = "com.apple.product-type.application";
		};
		A7146BA71DA6E26800789329 /* DiffusionTests */ = {
			isa = PBXNativeTarget;
			buildConfigurationList = A7146BBF1DA6E26800789329 /* Build configuration list for PBXNativeTarget "DiffusionTests" */;
			buildPhases = (
				A74E33FF9EFC57B156C2DF0F /* [CP] Check Pods Manifest.lock */,
				A7146BA41DA6E26800789329 /* Sources */,
				A7146BA51DA6E26800789329 /* Frameworks */,
				A7146BA61DA6E26800789329 /* Resources */,
				65D649A7BFC052E7E7A79E4C /* [CP] Embed Pods Frameworks */,
				DF01881B429916D5F0E2AEED /* [CP] Copy Pods Resources */,
			);
			buildRules = (
			);
			dependencies = (
				A7146BAA1DA6E26800789329 /* PBXTargetDependency */,
			);
			name = DiffusionTests;
			productName = DiffusionTests;
			productReference = A7146BA81DA6E26800789329 /* DiffusionTests.xctest */;
			productType = "com.apple.product-type.bundle.unit-test";
		};
		A7146BB21DA6E26800789329 /* DiffusionUITests */ = {
			isa = PBXNativeTarget;
			buildConfigurationList = A7146BC21DA6E26800789329 /* Build configuration list for PBXNativeTarget "DiffusionUITests" */;
			buildPhases = (
				3CB708DE7D2C6FDB63B825B6 /* [CP] Check Pods Manifest.lock */,
				A7146BAF1DA6E26800789329 /* Sources */,
				A7146BB01DA6E26800789329 /* Frameworks */,
				A7146BB11DA6E26800789329 /* Resources */,
				128206F2F8B6392AA5B14625 /* [CP] Embed Pods Frameworks */,
				BD56CA83085AB600EEDCCDF3 /* [CP] Copy Pods Resources */,
			);
			buildRules = (
			);
			dependencies = (
				A7146BB51DA6E26800789329 /* PBXTargetDependency */,
			);
			name = DiffusionUITests;
			productName = DiffusionUITests;
			productReference = A7146BB31DA6E26800789329 /* DiffusionUITests.xctest */;
			productType = "com.apple.product-type.bundle.ui-testing";
		};
/* End PBXNativeTarget section */

/* Begin PBXProject section */
		A7146B8C1DA6E26800789329 /* Project object */ = {
			isa = PBXProject;
			attributes = {
				LastSwiftUpdateCheck = 0800;
				LastUpgradeCheck = 0800;
				ORGANIZATIONNAME = "Ben Makusha";
				TargetAttributes = {
					A7146B931DA6E26800789329 = {
						CreatedOnToolsVersion = 8.0;
						DevelopmentTeam = X9S97S4N54;
						ProvisioningStyle = Automatic;
						SystemCapabilities = {
							com.apple.Keychain = {
								enabled = 1;
							};
						};
					};
					A7146BA71DA6E26800789329 = {
						CreatedOnToolsVersion = 8.0;
						DevelopmentTeam = X9S97S4N54;
						ProvisioningStyle = Automatic;
					};
					A7146BB21DA6E26800789329 = {
						CreatedOnToolsVersion = 8.0;
						DevelopmentTeam = X9S97S4N54;
						ProvisioningStyle = Automatic;
					};
				};
			};
			buildConfigurationList = A7146B8F1DA6E26800789329 /* Build configuration list for PBXProject "Diffusion" */;
			compatibilityVersion = "Xcode 3.2";
			developmentRegion = English;
			hasScannedForEncodings = 0;
			knownRegions = (
				en,
				Base,
			);
			mainGroup = A7146B8B1DA6E26800789329;
			productRefGroup = A7146B951DA6E26800789329 /* Products */;
			projectDirPath = "";
			projectRoot = "";
			targets = (
				A7146B931DA6E26800789329 /* Diffusion */,
				A7146BA71DA6E26800789329 /* DiffusionTests */,
				A7146BB21DA6E26800789329 /* DiffusionUITests */,
			);
		};
/* End PBXProject section */

/* Begin PBXResourcesBuildPhase section */
		A7146B921DA6E26800789329 /* Resources */ = {
			isa = PBXResourcesBuildPhase;
			buildActionMask = 2147483647;
			files = (
				A7146BA21DA6E26800789329 /* LaunchScreen.storyboard in Resources */,
				A7F22EA61DA76342001B297B /* GoogleService-Info.plist in Resources */,
				A7146B9F1DA6E26800789329 /* Assets.xcassets in Resources */,
				A7146B9D1DA6E26800789329 /* Main.storyboard in Resources */,
			);
			runOnlyForDeploymentPostprocessing = 0;
		};
		A7146BA61DA6E26800789329 /* Resources */ = {
			isa = PBXResourcesBuildPhase;
			buildActionMask = 2147483647;
			files = (
				A73689321DA74F2600B80C3F /* GoogleService-Info.plist in Resources */,
				A7F22EA71DA76342001B297B /* GoogleService-Info.plist in Resources */,
			);
			runOnlyForDeploymentPostprocessing = 0;
		};
		A7146BB11DA6E26800789329 /* Resources */ = {
			isa = PBXResourcesBuildPhase;
			buildActionMask = 2147483647;
			files = (
				A7F22EA81DA76342001B297B /* GoogleService-Info.plist in Resources */,
			);
			runOnlyForDeploymentPostprocessing = 0;
		};
/* End PBXResourcesBuildPhase section */

/* Begin PBXShellScriptBuildPhase section */
		128206F2F8B6392AA5B14625 /* [CP] Embed Pods Frameworks */ = {
			isa = PBXShellScriptBuildPhase;
			buildActionMask = 2147483647;
			files = (
			);
			inputPaths = (
			);
			name = "[CP] Embed Pods Frameworks";
			outputPaths = (
			);
			runOnlyForDeploymentPostprocessing = 0;
			shellPath = /bin/sh;
			shellScript = "\"${SRCROOT}/Pods/Target Support Files/Pods-DiffusionUITests/Pods-DiffusionUITests-frameworks.sh\"\n";
			showEnvVarsInLog = 0;
		};
		3CB708DE7D2C6FDB63B825B6 /* [CP] Check Pods Manifest.lock */ = {
			isa = PBXShellScriptBuildPhase;
			buildActionMask = 2147483647;
			files = (
			);
			inputPaths = (
			);
			name = "[CP] Check Pods Manifest.lock";
			outputPaths = (
			);
			runOnlyForDeploymentPostprocessing = 0;
			shellPath = /bin/sh;
			shellScript = "diff \"${PODS_ROOT}/../Podfile.lock\" \"${PODS_ROOT}/Manifest.lock\" > /dev/null\nif [ $? != 0 ] ; then\n    # print error to STDERR\n    echo \"error: The sandbox is not in sync with the Podfile.lock. Run 'pod install' or update your CocoaPods installation.\" >&2\n    exit 1\nfi\n";
			showEnvVarsInLog = 0;
		};
		65D649A7BFC052E7E7A79E4C /* [CP] Embed Pods Frameworks */ = {
			isa = PBXShellScriptBuildPhase;
			buildActionMask = 2147483647;
			files = (
			);
			inputPaths = (
			);
			name = "[CP] Embed Pods Frameworks";
			outputPaths = (
			);
			runOnlyForDeploymentPostprocessing = 0;
			shellPath = /bin/sh;
			shellScript = "\"${SRCROOT}/Pods/Target Support Files/Pods-DiffusionTests/Pods-DiffusionTests-frameworks.sh\"\n";
			showEnvVarsInLog = 0;
		};
		8E60AF809D58747065821552 /* [CP] Embed Pods Frameworks */ = {
			isa = PBXShellScriptBuildPhase;
			buildActionMask = 2147483647;
			files = (
			);
			inputPaths = (
			);
			name = "[CP] Embed Pods Frameworks";
			outputPaths = (
			);
			runOnlyForDeploymentPostprocessing = 0;
			shellPath = /bin/sh;
			shellScript = "\"${SRCROOT}/Pods/Target Support Files/Pods-Diffusion/Pods-Diffusion-frameworks.sh\"\n";
			showEnvVarsInLog = 0;
		};
		A74E33FF9EFC57B156C2DF0F /* [CP] Check Pods Manifest.lock */ = {
			isa = PBXShellScriptBuildPhase;
			buildActionMask = 2147483647;
			files = (
			);
			inputPaths = (
			);
			name = "[CP] Check Pods Manifest.lock";
			outputPaths = (
			);
			runOnlyForDeploymentPostprocessing = 0;
			shellPath = /bin/sh;
			shellScript = "diff \"${PODS_ROOT}/../Podfile.lock\" \"${PODS_ROOT}/Manifest.lock\" > /dev/null\nif [ $? != 0 ] ; then\n    # print error to STDERR\n    echo \"error: The sandbox is not in sync with the Podfile.lock. Run 'pod install' or update your CocoaPods installation.\" >&2\n    exit 1\nfi\n";
			showEnvVarsInLog = 0;
		};
		BD56CA83085AB600EEDCCDF3 /* [CP] Copy Pods Resources */ = {
			isa = PBXShellScriptBuildPhase;
			buildActionMask = 2147483647;
			files = (
			);
			inputPaths = (
			);
			name = "[CP] Copy Pods Resources";
			outputPaths = (
			);
			runOnlyForDeploymentPostprocessing = 0;
			shellPath = /bin/sh;
			shellScript = "\"${SRCROOT}/Pods/Target Support Files/Pods-DiffusionUITests/Pods-DiffusionUITests-resources.sh\"\n";
			showEnvVarsInLog = 0;
		};
		D8EF2B51C6EC828E2013B067 /* [CP] Check Pods Manifest.lock */ = {
			isa = PBXShellScriptBuildPhase;
			buildActionMask = 2147483647;
			files = (
			);
			inputPaths = (
			);
			name = "[CP] Check Pods Manifest.lock";
			outputPaths = (
			);
			runOnlyForDeploymentPostprocessing = 0;
			shellPath = /bin/sh;
			shellScript = "diff \"${PODS_ROOT}/../Podfile.lock\" \"${PODS_ROOT}/Manifest.lock\" > /dev/null\nif [ $? != 0 ] ; then\n    # print error to STDERR\n    echo \"error: The sandbox is not in sync with the Podfile.lock. Run 'pod install' or update your CocoaPods installation.\" >&2\n    exit 1\nfi\n";
			showEnvVarsInLog = 0;
		};
		DF01881B429916D5F0E2AEED /* [CP] Copy Pods Resources */ = {
			isa = PBXShellScriptBuildPhase;
			buildActionMask = 2147483647;
			files = (
			);
			inputPaths = (
			);
			name = "[CP] Copy Pods Resources";
			outputPaths = (
			);
			runOnlyForDeploymentPostprocessing = 0;
			shellPath = /bin/sh;
			shellScript = "\"${SRCROOT}/Pods/Target Support Files/Pods-DiffusionTests/Pods-DiffusionTests-resources.sh\"\n";
			showEnvVarsInLog = 0;
		};
		F8DE90B376CFE320DA9AEAA6 /* [CP] Copy Pods Resources */ = {
			isa = PBXShellScriptBuildPhase;
			buildActionMask = 2147483647;
			files = (
			);
			inputPaths = (
			);
			name = "[CP] Copy Pods Resources";
			outputPaths = (
			);
			runOnlyForDeploymentPostprocessing = 0;
			shellPath = /bin/sh;
			shellScript = "\"${SRCROOT}/Pods/Target Support Files/Pods-Diffusion/Pods-Diffusion-resources.sh\"\n";
			showEnvVarsInLog = 0;
		};
/* End PBXShellScriptBuildPhase section */

/* Begin PBXSourcesBuildPhase section */
		A7146B901DA6E26800789329 /* Sources */ = {
			isa = PBXSourcesBuildPhase;
			buildActionMask = 2147483647;
			files = (
				A7D6E58B1DA9B6B6005F0C59 /* AnimationEngine.swift in Sources */,
				A7F9C8151DA99100001B8F31 /* FeedVC.swift in Sources */,
				A7F22EAC1DA76378001B297B /* Constants.swift in Sources */,
				A7F22EAA1DA7636C001B297B /* CustomButton.swift in Sources */,
				A7F22EA41DA76319001B297B /* CustomView.swift in Sources */,
				A7146B9A1DA6E26800789329 /* SignInVC.swift in Sources */,
				A7D6E5901DA9C221005F0C59 /* CustButton.swift in Sources */,
				A7146B981DA6E26800789329 /* AppDelegate.swift in Sources */,
			);
			runOnlyForDeploymentPostprocessing = 0;
		};
		A7146BA41DA6E26800789329 /* Sources */ = {
			isa = PBXSourcesBuildPhase;
			buildActionMask = 2147483647;
			files = (
				A7146BAD1DA6E26800789329 /* DiffusionTests.swift in Sources */,
			);
			runOnlyForDeploymentPostprocessing = 0;
		};
		A7146BAF1DA6E26800789329 /* Sources */ = {
			isa = PBXSourcesBuildPhase;
			buildActionMask = 2147483647;
			files = (
				A7146BB81DA6E26800789329 /* DiffusionUITests.swift in Sources */,
			);
			runOnlyForDeploymentPostprocessing = 0;
		};
/* End PBXSourcesBuildPhase section */

/* Begin PBXTargetDependency section */
		A7146BAA1DA6E26800789329 /* PBXTargetDependency */ = {
			isa = PBXTargetDependency;
			target = A7146B931DA6E26800789329 /* Diffusion */;
			targetProxy = A7146BA91DA6E26800789329 /* PBXContainerItemProxy */;
		};
		A7146BB51DA6E26800789329 /* PBXTargetDependency */ = {
			isa = PBXTargetDependency;
			target = A7146B931DA6E26800789329 /* Diffusion */;
			targetProxy = A7146BB41DA6E26800789329 /* PBXContainerItemProxy */;
		};
/* End PBXTargetDependency section */

/* Begin PBXVariantGroup section */
		A7146B9B1DA6E26800789329 /* Main.storyboard */ = {
			isa = PBXVariantGroup;
			children = (
				A7146B9C1DA6E26800789329 /* Base */,
			);
			name = Main.storyboard;
			sourceTree = "<group>";
		};
		A7146BA01DA6E26800789329 /* LaunchScreen.storyboard */ = {
			isa = PBXVariantGroup;
			children = (
				A7146BA11DA6E26800789329 /* Base */,
			);
			name = LaunchScreen.storyboard;
			sourceTree = "<group>";
		};
/* End PBXVariantGroup section */

/* Begin XCBuildConfiguration section */
		A7146BBA1DA6E26800789329 /* Debug */ = {
			isa = XCBuildConfiguration;
			buildSettings = {
				ALWAYS_SEARCH_USER_PATHS = NO;
				CLANG_ANALYZER_NONNULL = YES;
				CLANG_CXX_LANGUAGE_STANDARD = "gnu++0x";
				CLANG_CXX_LIBRARY = "libc++";
				CLANG_ENABLE_MODULES = YES;
				CLANG_ENABLE_OBJC_ARC = YES;
				CLANG_WARN_BOOL_CONVERSION = YES;
				CLANG_WARN_CONSTANT_CONVERSION = YES;
				CLANG_WARN_DIRECT_OBJC_ISA_USAGE = YES_ERROR;
				CLANG_WARN_DOCUMENTATION_COMMENTS = YES;
				CLANG_WARN_EMPTY_BODY = YES;
				CLANG_WARN_ENUM_CONVERSION = YES;
				CLANG_WARN_INFINITE_RECURSION = YES;
				CLANG_WARN_INT_CONVERSION = YES;
				CLANG_WARN_OBJC_ROOT_CLASS = YES_ERROR;
				CLANG_WARN_SUSPICIOUS_MOVES = YES;
				CLANG_WARN_UNREACHABLE_CODE = YES;
				CLANG_WARN__DUPLICATE_METHOD_MATCH = YES;
				"CODE_SIGN_IDENTITY[sdk=iphoneos*]" = "iPhone Developer";
				COPY_PHASE_STRIP = NO;
				DEBUG_INFORMATION_FORMAT = dwarf;
				ENABLE_STRICT_OBJC_MSGSEND = YES;
				ENABLE_TESTABILITY = YES;
				GCC_C_LANGUAGE_STANDARD = gnu99;
				GCC_DYNAMIC_NO_PIC = NO;
				GCC_NO_COMMON_BLOCKS = YES;
				GCC_OPTIMIZATION_LEVEL = 0;
				GCC_PREPROCESSOR_DEFINITIONS = (
					"DEBUG=1",
					"$(inherited)",
				);
				GCC_WARN_64_TO_32_BIT_CONVERSION = YES;
				GCC_WARN_ABOUT_RETURN_TYPE = YES_ERROR;
				GCC_WARN_UNDECLARED_SELECTOR = YES;
				GCC_WARN_UNINITIALIZED_AUTOS = YES_AGGRESSIVE;
				GCC_WARN_UNUSED_FUNCTION = YES;
				GCC_WARN_UNUSED_VARIABLE = YES;
				IPHONEOS_DEPLOYMENT_TARGET = 10.0;
				MTL_ENABLE_DEBUG_INFO = YES;
				ONLY_ACTIVE_ARCH = YES;
				SDKROOT = iphoneos;
				SWIFT_ACTIVE_COMPILATION_CONDITIONS = DEBUG;
				SWIFT_OPTIMIZATION_LEVEL = "-Onone";
				TARGETED_DEVICE_FAMILY = "1,2";
			};
			name = Debug;
		};
		A7146BBB1DA6E26800789329 /* Release */ = {
			isa = XCBuildConfiguration;
			buildSettings = {
				ALWAYS_SEARCH_USER_PATHS = NO;
				CLANG_ANALYZER_NONNULL = YES;
				CLANG_CXX_LANGUAGE_STANDARD = "gnu++0x";
				CLANG_CXX_LIBRARY = "libc++";
				CLANG_ENABLE_MODULES = YES;
				CLANG_ENABLE_OBJC_ARC = YES;
				CLANG_WARN_BOOL_CONVERSION = YES;
				CLANG_WARN_CONSTANT_CONVERSION = YES;
				CLANG_WARN_DIRECT_OBJC_ISA_USAGE = YES_ERROR;
				CLANG_WARN_DOCUMENTATION_COMMENTS = YES;
				CLANG_WARN_EMPTY_BODY = YES;
				CLANG_WARN_ENUM_CONVERSION = YES;
				CLANG_WARN_INFINITE_RECURSION = YES;
				CLANG_WARN_INT_CONVERSION = YES;
				CLANG_WARN_OBJC_ROOT_CLASS = YES_ERROR;
				CLANG_WARN_SUSPICIOUS_MOVES = YES;
				CLANG_WARN_UNREACHABLE_CODE = YES;
				CLANG_WARN__DUPLICATE_METHOD_MATCH = YES;
				"CODE_SIGN_IDENTITY[sdk=iphoneos*]" = "iPhone Developer";
				COPY_PHASE_STRIP = NO;
				DEBUG_INFORMATION_FORMAT = "dwarf-with-dsym";
				ENABLE_NS_ASSERTIONS = NO;
				ENABLE_STRICT_OBJC_MSGSEND = YES;
				GCC_C_LANGUAGE_STANDARD = gnu99;
				GCC_NO_COMMON_BLOCKS = YES;
				GCC_WARN_64_TO_32_BIT_CONVERSION = YES;
				GCC_WARN_ABOUT_RETURN_TYPE = YES_ERROR;
				GCC_WARN_UNDECLARED_SELECTOR = YES;
				GCC_WARN_UNINITIALIZED_AUTOS = YES_AGGRESSIVE;
				GCC_WARN_UNUSED_FUNCTION = YES;
				GCC_WARN_UNUSED_VARIABLE = YES;
				IPHONEOS_DEPLOYMENT_TARGET = 10.0;
				MTL_ENABLE_DEBUG_INFO = NO;
				SDKROOT = iphoneos;
				SWIFT_OPTIMIZATION_LEVEL = "-Owholemodule";
				TARGETED_DEVICE_FAMILY = "1,2";
				VALIDATE_PRODUCT = YES;
			};
			name = Release;
		};
		A7146BBD1DA6E26800789329 /* Debug */ = {
			isa = XCBuildConfiguration;
			baseConfigurationReference = CA1630017C3AE88B4BDA3955 /* Pods-Diffusion.debug.xcconfig */;
			buildSettings = {
				ASSETCATALOG_COMPILER_APPICON_NAME = AppIcon;
				CODE_SIGN_ENTITLEMENTS = Diffusion/Diffusion.entitlements;
				DEVELOPMENT_TEAM = X9S97S4N54;
				INFOPLIST_FILE = Diffusion/Info.plist;
				LD_RUNPATH_SEARCH_PATHS = "$(inherited) @executable_path/Frameworks";
				PRODUCT_BUNDLE_IDENTIFIER = com.benmakusha.Diffusion;
				PRODUCT_NAME = "$(TARGET_NAME)";
				SWIFT_OBJC_BRIDGING_HEADER = "Diffusion-Bridging-Header.h";
				SWIFT_VERSION = 3.0;
			};
			name = Debug;
		};
		A7146BBE1DA6E26800789329 /* Release */ = {
			isa = XCBuildConfiguration;
			baseConfigurationReference = 08D13A0123687591F4A015C1 /* Pods-Diffusion.release.xcconfig */;
			buildSettings = {
				ASSETCATALOG_COMPILER_APPICON_NAME = AppIcon;
				CODE_SIGN_ENTITLEMENTS = Diffusion/Diffusion.entitlements;
				DEVELOPMENT_TEAM = X9S97S4N54;
				INFOPLIST_FILE = Diffusion/Info.plist;
				LD_RUNPATH_SEARCH_PATHS = "$(inherited) @executable_path/Frameworks";
				PRODUCT_BUNDLE_IDENTIFIER = com.benmakusha.Diffusion;
				PRODUCT_NAME = "$(TARGET_NAME)";
				SWIFT_OBJC_BRIDGING_HEADER = "Diffusion-Bridging-Header.h";
				SWIFT_VERSION = 3.0;
			};
			name = Release;
		};
		A7146BC01DA6E26800789329 /* Debug */ = {
			isa = XCBuildConfiguration;
			baseConfigurationReference = 693DFDCCBED2267228DE671C /* Pods-DiffusionTests.debug.xcconfig */;
			buildSettings = {
				ALWAYS_EMBED_SWIFT_STANDARD_LIBRARIES = YES;
				DEVELOPMENT_TEAM = X9S97S4N54;
				INFOPLIST_FILE = DiffusionTests/Info.plist;
				LD_RUNPATH_SEARCH_PATHS = "$(inherited) @executable_path/Frameworks @loader_path/Frameworks";
				PRODUCT_BUNDLE_IDENTIFIER = com.benmakusha.DiffusionTests;
				PRODUCT_NAME = "$(TARGET_NAME)";
				SWIFT_OBJC_BRIDGING_HEADER = "Diffusion-Bridging-Header.h";
				SWIFT_VERSION = 3.0;
			};
			name = Debug;
		};
		A7146BC11DA6E26800789329 /* Release */ = {
			isa = XCBuildConfiguration;
			baseConfigurationReference = 6AE4F0A23556ADB9BEE35604 /* Pods-DiffusionTests.release.xcconfig */;
			buildSettings = {
				ALWAYS_EMBED_SWIFT_STANDARD_LIBRARIES = YES;
				DEVELOPMENT_TEAM = X9S97S4N54;
				INFOPLIST_FILE = DiffusionTests/Info.plist;
				LD_RUNPATH_SEARCH_PATHS = "$(inherited) @executable_path/Frameworks @loader_path/Frameworks";
				PRODUCT_BUNDLE_IDENTIFIER = com.benmakusha.DiffusionTests;
				PRODUCT_NAME = "$(TARGET_NAME)";
				SWIFT_OBJC_BRIDGING_HEADER = "Diffusion-Bridging-Header.h";
				SWIFT_VERSION = 3.0;
			};
			name = Release;
		};
		A7146BC31DA6E26800789329 /* Debug */ = {
			isa = XCBuildConfiguration;
			baseConfigurationReference = B5F05112105A015545635B00 /* Pods-DiffusionUITests.debug.xcconfig */;
			buildSettings = {
				ALWAYS_EMBED_SWIFT_STANDARD_LIBRARIES = YES;
				DEVELOPMENT_TEAM = X9S97S4N54;
				INFOPLIST_FILE = DiffusionUITests/Info.plist;
				LD_RUNPATH_SEARCH_PATHS = "$(inherited) @executable_path/Frameworks @loader_path/Frameworks";
				PRODUCT_BUNDLE_IDENTIFIER = com.benmakusha.DiffusionUITests;
				PRODUCT_NAME = "$(TARGET_NAME)";
				PROVISIONING_PROFILE = "";
				SWIFT_OBJC_BRIDGING_HEADER = "Diffusion-Bridging-Header.h";
				SWIFT_VERSION = 3.0;
			};
			name = Debug;
		};
		A7146BC41DA6E26800789329 /* Release */ = {
			isa = XCBuildConfiguration;
			baseConfigurationReference = C8DD9902BE2ED212810E8AA9 /* Pods-DiffusionUITests.release.xcconfig */;
			buildSettings = {
				ALWAYS_EMBED_SWIFT_STANDARD_LIBRARIES = YES;
				DEVELOPMENT_TEAM = X9S97S4N54;
				INFOPLIST_FILE = DiffusionUITests/Info.plist;
				LD_RUNPATH_SEARCH_PATHS = "$(inherited) @executable_path/Frameworks @loader_path/Frameworks";
				PRODUCT_BUNDLE_IDENTIFIER = com.benmakusha.DiffusionUITests;
				PRODUCT_NAME = "$(TARGET_NAME)";
				PROVISIONING_PROFILE = "";
				SWIFT_OBJC_BRIDGING_HEADER = "Diffusion-Bridging-Header.h";
				SWIFT_VERSION = 3.0;
			};
			name = Release;
		};
/* End XCBuildConfiguration section */

/* Begin XCConfigurationList section */
		A7146B8F1DA6E26800789329 /* Build configuration list for PBXProject "Diffusion" */ = {
			isa = XCConfigurationList;
			buildConfigurations = (
				A7146BBA1DA6E26800789329 /* Debug */,
				A7146BBB1DA6E26800789329 /* Release */,
			);
			defaultConfigurationIsVisible = 0;
			defaultConfigurationName = Release;
		};
		A7146BBC1DA6E26800789329 /* Build configuration list for PBXNativeTarget "Diffusion" */ = {
			isa = XCConfigurationList;
			buildConfigurations = (
				A7146BBD1DA6E26800789329 /* Debug */,
				A7146BBE1DA6E26800789329 /* Release */,
			);
			defaultConfigurationIsVisible = 0;
			defaultConfigurationName = Release;
		};
		A7146BBF1DA6E26800789329 /* Build configuration list for PBXNativeTarget "DiffusionTests" */ = {
			isa = XCConfigurationList;
			buildConfigurations = (
				A7146BC01DA6E26800789329 /* Debug */,
				A7146BC11DA6E26800789329 /* Release */,
			);
			defaultConfigurationIsVisible = 0;
			defaultConfigurationName = Release;
		};
		A7146BC21DA6E26800789329 /* Build configuration list for PBXNativeTarget "DiffusionUITests" */ = {
			isa = XCConfigurationList;
			buildConfigurations = (
				A7146BC31DA6E26800789329 /* Debug */,
				A7146BC41DA6E26800789329 /* Release */,
			);
			defaultConfigurationIsVisible = 0;
			defaultConfigurationName = Release;
		};
/* End XCConfigurationList section */
	};
	rootObject = A7146B8C1DA6E26800789329 /* Project object */;
}
